# THIS IS AN AUTOGENERATED FILE. DO NOT EDIT THIS FILE DIRECTLY.
# yarn lockfile v1


"@prisma/client@4.12.0":
  version "4.12.0"
  resolved "https://registry.npmjs.org/@prisma/client/-/client-4.12.0.tgz"
  integrity sha512-j9/ighfWwux97J2dS15nqhl60tYoH8V0IuSsgZDb6bCFcQD3fXbXmxjYC8GHhIgOk3lB7Pq+8CwElz2MiDpsSg==
  dependencies:
    "@prisma/engines-version" "4.12.0-67.659ef412370fa3b41cd7bf6e94587c1dfb7f67e7"

"@prisma/engines-version@4.12.0-67.659ef412370fa3b41cd7bf6e94587c1dfb7f67e7":
  version "4.12.0-67.659ef412370fa3b41cd7bf6e94587c1dfb7f67e7"
  resolved "https://registry.npmjs.org/@prisma/engines-version/-/engines-version-4.12.0-67.659ef412370fa3b41cd7bf6e94587c1dfb7f67e7.tgz"
  integrity sha512-JIHNj5jlXb9mcaJwakM0vpgRYJIAurxTUqM0iX0tfEQA5XLZ9ONkIckkhuAKdAzocZ+80GYg7QSsfpjg7OxbOA==

"@prisma/engines@4.12.0":
  version "4.12.0"
  resolved "https://registry.npmjs.org/@prisma/engines/-/engines-4.12.0.tgz"
  integrity sha512-0alKtnxhNB5hYU+ymESBlGI4b9XrGGSdv7Ud+8TE/fBNOEhIud0XQsAR+TrvUZgS4na5czubiMsODw0TUrgkIA==

"@types/node@^20.1.4":
  version "20.1.4"
  resolved "https://registry.yarnpkg.com/@types/node/-/node-20.1.4.tgz#83f148d2d1f5fe6add4c53358ba00d97fc4cdb71"
  integrity sha512-At4pvmIOki8yuwLtd7BNHl3CiWNbtclUbNtScGx4OHfBd4/oWoJC8KRCIxXwkdndzhxOsPXihrsOoydxBjlE9Q==

array-keyed-map@^2.1.3:
  version "2.1.3"
  resolved "https://registry.yarnpkg.com/array-keyed-map/-/array-keyed-map-2.1.3.tgz#0d5c06ed58ccba2755a4f5bfb7a935a31f395b18"
  integrity sha512-JIUwuFakO+jHjxyp4YgSiKXSZeC0U+R1jR94bXWBcVlFRBycqXlb+kH9JHxBGcxnVuSqx5bnn0Qz9xtSeKOjiA==

crypto@^1.0.1:
  version "1.0.1"
  resolved "https://registry.npmjs.org/crypto/-/crypto-1.0.1.tgz"
  integrity sha512-VxBKmeNcqQdiUQUW2Tzq0t377b54N2bMtXO/qiLa+6eRRmmC4qT3D4OnTGoT/U6O9aklQ/jTwbOtRMTTY8G0Ig==

gpt-3-encoder@^1.1.4:
  version "1.1.4"
  resolved "https://registry.yarnpkg.com/gpt-3-encoder/-/gpt-3-encoder-1.1.4.tgz#d6cdaacf5824857e133b6065247c757fc7e4fa72"
  integrity sha512-fSQRePV+HUAhCn7+7HL7lNIXNm6eaFWFbNLOOGtmSJ0qJycyQvj60OvRlH7mee8xAMjBDNRdMXlMwjAbMTDjkg==

gpt3-tokenizer@^1.1.5:
  version "1.1.5"
  resolved "https://registry.yarnpkg.com/gpt3-tokenizer/-/gpt3-tokenizer-1.1.5.tgz#79e5f96c435daf9c41a81117411ebce3bf475e78"
  integrity sha512-O9iCL8MqGR0Oe9wTh0YftzIbysypNQmS5a5JG3cB3M4LMYjlAVvNnf8LUzVY9MrI7tj+YLY356uHtO2lLX2HpA==
  dependencies:
    array-keyed-map "^2.1.3"

prisma@4.12.0:
  version "4.12.0"
  resolved "https://registry.npmjs.org/prisma/-/prisma-4.12.0.tgz"
  integrity sha512-xqVper4mbwl32BWzLpdznHAYvYDWQQWK2tBfXjdUD397XaveRyAP7SkBZ6kFlIg8kKayF4hvuaVtYwXd9BodAg==
  dependencies:
    "@prisma/engines" "4.12.0"
